
Microsoft Visual Studio Solution File, Format Version 12.00
# Visual Studio 2013
VisualStudioVersion = 12.0.40629.0
MinimumVisualStudioVersion = 10.0.40219.1
Project("{FAE04EC0-301F-11D3-BF4B-00C04F79EFBC}") = "Sample.Android", "Sample.Android\Sample.Android.csproj", "{0B8E7855-DC7A-4E16-9F0C-00DD4DC1D969}"
EndProject
Project("{2150E333-8FDC-42A3-9474-1A3956D46DE8}") = ".nuget", ".nuget", "{07BC01CA-43DA-4DD1-BD96-FCFE52FFE19B}"
	ProjectSection(SolutionItems) = preProject
		.nuget\NuGet.Config = .nuget\NuGet.Config
		.nuget\NuGet.exe = .nuget\NuGet.exe
		.nuget\NuGet.targets = .nuget\NuGet.targets
	EndProjectSection
EndProject
Project("{D954291E-2A0B-460D-934E-DC6B0785DB48}") = "Sample", "Sample\Sample.shproj", "{21B84AAF-3443-4209-8DE3-F426FFC532C8}"
EndProject
Project("{FAE04EC0-301F-11D3-BF4B-00C04F79EFBC}") = "Sample.WinPhone", "Sample.WinPhone\Sample.WinPhone.csproj", "{D3CC5E23-BC5C-4429-A6F2-35D1ED4916E6}"
EndProject
Global
	GlobalSection(SharedMSBuildProjectFiles) = preSolution
		Sample\Sample.projitems*{21b84aaf-3443-4209-8de3-f426ffc532c8}*SharedItemsImports = 13
	EndGlobalSection
	GlobalSection(SolutionConfigurationPlatforms) = preSolution
		Debug|Any CPU = Debug|Any CPU
		Debug|ARM = Debug|ARM
		Debug|x86 = Debug|x86
		Release|Any CPU = Release|Any CPU
		Release|ARM = Release|ARM
		Release|x86 = Release|x86
	EndGlobalSection
	GlobalSection(ProjectConfigurationPlatforms) = postSolution
		{0B8E7855-DC7A-4E16-9F0C-00DD4DC1D969}.Debug|Any CPU.ActiveCfg = Debug|Any CPU
		{0B8E7855-DC7A-4E16-9F0C-00DD4DC1D969}.Debug|Any CPU.Build.0 = Debug|Any CPU
		{0B8E7855-DC7A-4E16-9F0C-00DD4DC1D969}.Debug|Any CPU.Deploy.0 = Debug|Any CPU
		{0B8E7855-DC7A-4E16-9F0C-00DD4DC1D969}.Debug|ARM.ActiveCfg = Debug|Any CPU
		{0B8E7855-DC7A-4E16-9F0C-00DD4DC1D969}.Debug|x86.ActiveCfg = Debug|Any CPU
		{0B8E7855-DC7A-4E16-9F0C-00DD4DC1D969}.Release|Any CPU.ActiveCfg = Release|Any CPU
		{0B8E7855-DC7A-4E16-9F0C-00DD4DC1D969}.Release|Any CPU.Build.0 = Release|Any CPU
		{0B8E7855-DC7A-4E16-9F0C-00DD4DC1D969}.Release|Any CPU.Deploy.0 = Release|Any CPU
		{0B8E7855-DC7A-4E16-9F0C-00DD4DC1D969}.Release|ARM.ActiveCfg = Release|Any CPU
		{0B8E7855-DC7A-4E16-9F0C-00DD4DC1D969}.Release|x86.ActiveCfg = Release|Any CPU
		{D3CC5E23-BC5C-4429-A6F2-35D1ED4916E6}.Debug|Any CPU.ActiveCfg = Debug|Any CPU
		{D3CC5E23-BC5C-4429-A6F2-35D1ED4916E6}.Debug|Any CPU.Build.0 = Debug|Any CPU
		{D3CC5E23-BC5C-4429-A6F2-35D1ED4916E6}.Debug|Any CPU.Deploy.0 = Debug|Any CPU
		{D3CC5E23-BC5C-4429-A6F2-35D1ED4916E6}.Debug|ARM.ActiveCfg = Debug|ARM
		{D3CC5E23-BC5C-4429-A6F2-35D1ED4916E6}.Debug|ARM.Build.0 = Debug|ARM
		{D3CC5E23-BC5C-4429-A6F2-35D1ED4916E6}.Debug|ARM.Deploy.0 = Debug|ARM
		{D3CC5E23-BC5C-4429-A6F2-35D1ED4916E6}.Debug|x86.ActiveCfg = Debug|x86
		{D3CC5E23-BC5C-4429-A6F2-35D1ED4916E6}.Debug|x86.Build.0 = Debug|x86
		{D3CC5E23-BC5C-4429-A6F2-35D1ED4916E6}.Debug|x86.Deploy.0 = Debug|x86
		{D3CC5E23-BC5C-4429-A6F2-35D1ED4916E6}.Release|Any CPU.ActiveCfg = Release|Any CPU
		{D3CC5E23-BC5C-4429-A6F2-35D1ED4916E6}.Release|Any CPU.Build.0 = Release|Any CPU
		{D3CC5E23-BC5C-4429-A6F2-35D1ED4916E6}.Release|Any CPU.Deploy.0 = Release|Any CPU
		{D3CC5E23-BC5C-4429-A6F2-35D1ED4916E6}.Release|ARM.ActiveCfg = Release|ARM
		{D3CC5E23-BC5C-4429-A6F2-35D1ED4916E6}.Release|ARM.Build.0 = Release|ARM
		{D3CC5E23-BC5C-4429-A6F2-35D1ED4916E6}.Release|ARM.Deploy.0 = Release|ARM
		{D3CC5E23-BC5C-4429-A6F2-35D1ED4916E6}.Release|x86.ActiveCfg = Release|x86
		{D3CC5E23-BC5C-4429-A6F2-35D1ED4916E6}.Release|x86.Build.0 = Release|x86
		{D3CC5E23-BC5C-4429-A6F2-35D1ED4916E6}.Release|x86.Deploy.0 = Release|x86
	EndGlobalSection
	GlobalSection(SolutionProperties) = preSolution
		HideSolutionNode = FALSE
	EndGlobalSection
EndGlobal
